
Microsoft Visual Studio Solution File, Format Version 12.00
# Visual Studio Version 17
VisualStudioVersion = 17.9.34622.214
MinimumVisualStudioVersion = 10.0.40219.1
Project("{FAE04EC0-301F-11D3-BF4B-00C04F79EFBC}") = "CompanyManagers", "CompanyManagers\CompanyManagers.csproj", "{60DC12F3-EC08-4B51-B6BD-532D9546F21C}"
EndProject
Global
	GlobalSection(SolutionConfigurationPlatforms) = preSolution
		Debug|Any CPU = Debug|Any CPU
		Debug|x86 = Debug|x86
		Release|Any CPU = Release|Any CPU
		Release|x86 = Release|x86
	EndGlobalSection
	GlobalSection(ProjectConfigurationPlatforms) = postSolution
		{60DC12F3-EC08-4B51-B6BD-532D9546F21C}.Debug|Any CPU.ActiveCfg = Debug|Any CPU
		{60DC12F3-EC08-4B51-B6BD-532D9546F21C}.Debug|Any CPU.Build.0 = Debug|Any CPU
		{60DC12F3-EC08-4B51-B6BD-532D9546F21C}.Debug|x86.ActiveCfg = Debug|x86
		{60DC12F3-EC08-4B51-B6BD-532D9546F21C}.Debug|x86.Build.0 = Debug|x86
		{60DC12F3-EC08-4B51-B6BD-532D9546F21C}.Release|Any CPU.ActiveCfg = Release|Any CPU
		{60DC12F3-EC08-4B51-B6BD-532D9546F21C}.Release|Any CPU.Build.0 = Release|Any CPU
		{60DC12F3-EC08-4B51-B6BD-532D9546F21C}.Release|x86.ActiveCfg = Release|x86
		{60DC12F3-EC08-4B51-B6BD-532D9546F21C}.Release|x86.Build.0 = Release|x86
	EndGlobalSection
	GlobalSection(SolutionProperties) = preSolution
		HideSolutionNode = FALSE
	EndGlobalSection
	GlobalSection(ExtensibilityGlobals) = postSolution
		SolutionGuid = {E6C16A20-2904-4AA1-AE49-AE75A94AB0D2}
	EndGlobalSection
EndGlobal
